
Microsoft Visual Studio Solution File, Format Version 12.00
# Visual Studio Version 17
VisualStudioVersion = 17.0.31903.59
MinimumVisualStudioVersion = 10.0.40219.1
Project("{2150E333-8FDC-42A3-9474-1A3956D46DE8}") = "src", "src", "{827E0CD3-B72D-47B6-A68D-7590B98EB39B}"
EndProject
Project("{FAE04EC0-301F-11D3-BF4B-00C04F79EFBC}") = "PrintingTools", "src\PrintingTools\PrintingTools.csproj", "{44EB417A-692A-44BD-A2E5-9F08B6E3C7A8}"
EndProject
Project("{2150E333-8FDC-42A3-9474-1A3956D46DE8}") = "samples", "samples", "{5D20AA90-6969-D8BD-9DCD-8634F4692FDA}"
EndProject
Project("{FAE04EC0-301F-11D3-BF4B-00C04F79EFBC}") = "AvaloniaSample", "samples\AvaloniaSample\AvaloniaSample.csproj", "{14F1F38D-3CC1-4964-9A6D-6C257053A63A}"
EndProject
Project("{FAE04EC0-301F-11D3-BF4B-00C04F79EFBC}") = "MacSandboxHarness", "samples\MacSandboxHarness\MacSandboxHarness.csproj", "{CDCC5561-C40A-4458-9E77-E570F5B1C972}"
EndProject
Project("{FAE04EC0-301F-11D3-BF4B-00C04F79EFBC}") = "PrintingTools.Core", "src\PrintingTools.Core\PrintingTools.Core.csproj", "{C0BA282E-8AD9-4D16-9CE5-881B530E489F}"
EndProject
Project("{FAE04EC0-301F-11D3-BF4B-00C04F79EFBC}") = "PrintingTools.MacOS", "src\PrintingTools.MacOS\PrintingTools.MacOS.csproj", "{5B0E921C-549B-4C69-BC2F-3BA9B8DD1C30}"
EndProject
Project("{FAE04EC0-301F-11D3-BF4B-00C04F79EFBC}") = "PrintingTools.Linux", "src\PrintingTools.Linux\PrintingTools.Linux.csproj", "{A175761D-6B37-4746-B5B8-3868806D29FB}"
EndProject
Project("{FAE04EC0-301F-11D3-BF4B-00C04F79EFBC}") = "LinuxSandboxHarness", "samples\LinuxSandboxHarness\LinuxSandboxHarness.csproj", "{D4229BE6-DD19-4958-BBD1-EAC7E1C98219}"
EndProject
Project("{FAE04EC0-301F-11D3-BF4B-00C04F79EFBC}") = "WindowsPrintHarness", "samples\WindowsPrintHarness\WindowsPrintHarness.csproj", "{B3076FBF-F0B7-44C0-822D-C698C6F12619}"
EndProject
Project("{FAE04EC0-301F-11D3-BF4B-00C04F79EFBC}") = "PrintingTools.UI", "src\PrintingTools.UI\PrintingTools.UI.csproj", "{4A9F1E50-ECBA-4B6A-BFFD-6C55C1D9791C}"
EndProject
Project("{FAE04EC0-301F-11D3-BF4B-00C04F79EFBC}") = "PrintingTools.Windows", "src\PrintingTools.Windows\PrintingTools.Windows.csproj", "{53CF4CD7-2AC3-4068-8D21-4427DAAC06E5}"
EndProject
Project("{2150E333-8FDC-42A3-9474-1A3956D46DE8}") = "tests", "tests", "{8ACDD26B-6A66-488E-BC9C-72DBF87BB933}"
EndProject
Project("{FAE04EC0-301F-11D3-BF4B-00C04F79EFBC}") = "PrintingTools.Tests", "tests\PrintingTools.Tests\PrintingTools.Tests.csproj", "{1834933D-94FC-4C9D-87F5-6D14CB4C0E2C}"
EndProject
Global
	GlobalSection(SolutionConfigurationPlatforms) = preSolution
		Debug|Any CPU = Debug|Any CPU
		Debug|x64 = Debug|x64
		Debug|x86 = Debug|x86
		Release|Any CPU = Release|Any CPU
		Release|x64 = Release|x64
		Release|x86 = Release|x86
	EndGlobalSection
	GlobalSection(ProjectConfigurationPlatforms) = postSolution
		{44EB417A-692A-44BD-A2E5-9F08B6E3C7A8}.Debug|Any CPU.ActiveCfg = Debug|Any CPU
		{44EB417A-692A-44BD-A2E5-9F08B6E3C7A8}.Debug|Any CPU.Build.0 = Debug|Any CPU
		{44EB417A-692A-44BD-A2E5-9F08B6E3C7A8}.Debug|x64.ActiveCfg = Debug|Any CPU
		{44EB417A-692A-44BD-A2E5-9F08B6E3C7A8}.Debug|x64.Build.0 = Debug|Any CPU
		{44EB417A-692A-44BD-A2E5-9F08B6E3C7A8}.Debug|x86.ActiveCfg = Debug|Any CPU
		{44EB417A-692A-44BD-A2E5-9F08B6E3C7A8}.Debug|x86.Build.0 = Debug|Any CPU
		{44EB417A-692A-44BD-A2E5-9F08B6E3C7A8}.Release|Any CPU.ActiveCfg = Release|Any CPU
		{44EB417A-692A-44BD-A2E5-9F08B6E3C7A8}.Release|Any CPU.Build.0 = Release|Any CPU
		{44EB417A-692A-44BD-A2E5-9F08B6E3C7A8}.Release|x64.ActiveCfg = Release|Any CPU
		{44EB417A-692A-44BD-A2E5-9F08B6E3C7A8}.Release|x64.Build.0 = Release|Any CPU
		{44EB417A-692A-44BD-A2E5-9F08B6E3C7A8}.Release|x86.ActiveCfg = Release|Any CPU
		{44EB417A-692A-44BD-A2E5-9F08B6E3C7A8}.Release|x86.Build.0 = Release|Any CPU
		{14F1F38D-3CC1-4964-9A6D-6C257053A63A}.Debug|Any CPU.ActiveCfg = Debug|Any CPU
		{14F1F38D-3CC1-4964-9A6D-6C257053A63A}.Debug|Any CPU.Build.0 = Debug|Any CPU
		{14F1F38D-3CC1-4964-9A6D-6C257053A63A}.Debug|x64.ActiveCfg = Debug|Any CPU
		{14F1F38D-3CC1-4964-9A6D-6C257053A63A}.Debug|x64.Build.0 = Debug|Any CPU
		{14F1F38D-3CC1-4964-9A6D-6C257053A63A}.Debug|x86.ActiveCfg = Debug|Any CPU
		{14F1F38D-3CC1-4964-9A6D-6C257053A63A}.Debug|x86.Build.0 = Debug|Any CPU
		{14F1F38D-3CC1-4964-9A6D-6C257053A63A}.Release|Any CPU.ActiveCfg = Release|Any CPU
		{14F1F38D-3CC1-4964-9A6D-6C257053A63A}.Release|Any CPU.Build.0 = Release|Any CPU
		{14F1F38D-3CC1-4964-9A6D-6C257053A63A}.Release|x64.ActiveCfg = Release|Any CPU
		{14F1F38D-3CC1-4964-9A6D-6C257053A63A}.Release|x64.Build.0 = Release|Any CPU
		{14F1F38D-3CC1-4964-9A6D-6C257053A63A}.Release|x86.ActiveCfg = Release|Any CPU
		{14F1F38D-3CC1-4964-9A6D-6C257053A63A}.Release|x86.Build.0 = Release|Any CPU
		{CDCC5561-C40A-4458-9E77-E570F5B1C972}.Debug|Any CPU.ActiveCfg = Debug|Any CPU
		{CDCC5561-C40A-4458-9E77-E570F5B1C972}.Debug|Any CPU.Build.0 = Debug|Any CPU
		{CDCC5561-C40A-4458-9E77-E570F5B1C972}.Debug|x64.ActiveCfg = Debug|Any CPU
		{CDCC5561-C40A-4458-9E77-E570F5B1C972}.Debug|x64.Build.0 = Debug|Any CPU
		{CDCC5561-C40A-4458-9E77-E570F5B1C972}.Debug|x86.ActiveCfg = Debug|Any CPU
		{CDCC5561-C40A-4458-9E77-E570F5B1C972}.Debug|x86.Build.0 = Debug|Any CPU
		{CDCC5561-C40A-4458-9E77-E570F5B1C972}.Release|Any CPU.ActiveCfg = Release|Any CPU
		{CDCC5561-C40A-4458-9E77-E570F5B1C972}.Release|Any CPU.Build.0 = Release|Any CPU
		{CDCC5561-C40A-4458-9E77-E570F5B1C972}.Release|x64.ActiveCfg = Release|Any CPU
		{CDCC5561-C40A-4458-9E77-E570F5B1C972}.Release|x64.Build.0 = Release|Any CPU
		{CDCC5561-C40A-4458-9E77-E570F5B1C972}.Release|x86.ActiveCfg = Release|Any CPU
		{CDCC5561-C40A-4458-9E77-E570F5B1C972}.Release|x86.Build.0 = Release|Any CPU
		{C0BA282E-8AD9-4D16-9CE5-881B530E489F}.Debug|Any CPU.ActiveCfg = Debug|Any CPU
		{C0BA282E-8AD9-4D16-9CE5-881B530E489F}.Debug|Any CPU.Build.0 = Debug|Any CPU
		{C0BA282E-8AD9-4D16-9CE5-881B530E489F}.Debug|x64.ActiveCfg = Debug|Any CPU
		{C0BA282E-8AD9-4D16-9CE5-881B530E489F}.Debug|x64.Build.0 = Debug|Any CPU
		{C0BA282E-8AD9-4D16-9CE5-881B530E489F}.Debug|x86.ActiveCfg = Debug|Any CPU
		{C0BA282E-8AD9-4D16-9CE5-881B530E489F}.Debug|x86.Build.0 = Debug|Any CPU
		{C0BA282E-8AD9-4D16-9CE5-881B530E489F}.Release|Any CPU.ActiveCfg = Release|Any CPU
		{C0BA282E-8AD9-4D16-9CE5-881B530E489F}.Release|Any CPU.Build.0 = Release|Any CPU
		{C0BA282E-8AD9-4D16-9CE5-881B530E489F}.Release|x64.ActiveCfg = Release|Any CPU
		{C0BA282E-8AD9-4D16-9CE5-881B530E489F}.Release|x64.Build.0 = Release|Any CPU
		{C0BA282E-8AD9-4D16-9CE5-881B530E489F}.Release|x86.ActiveCfg = Release|Any CPU
		{C0BA282E-8AD9-4D16-9CE5-881B530E489F}.Release|x86.Build.0 = Release|Any CPU
		{5B0E921C-549B-4C69-BC2F-3BA9B8DD1C30}.Debug|Any CPU.ActiveCfg = Debug|Any CPU
		{5B0E921C-549B-4C69-BC2F-3BA9B8DD1C30}.Debug|Any CPU.Build.0 = Debug|Any CPU
		{5B0E921C-549B-4C69-BC2F-3BA9B8DD1C30}.Debug|x64.ActiveCfg = Debug|Any CPU
		{5B0E921C-549B-4C69-BC2F-3BA9B8DD1C30}.Debug|x64.Build.0 = Debug|Any CPU
		{5B0E921C-549B-4C69-BC2F-3BA9B8DD1C30}.Debug|x86.ActiveCfg = Debug|Any CPU
		{5B0E921C-549B-4C69-BC2F-3BA9B8DD1C30}.Debug|x86.Build.0 = Debug|Any CPU
		{5B0E921C-549B-4C69-BC2F-3BA9B8DD1C30}.Release|Any CPU.ActiveCfg = Release|Any CPU
		{5B0E921C-549B-4C69-BC2F-3BA9B8DD1C30}.Release|Any CPU.Build.0 = Release|Any CPU
		{5B0E921C-549B-4C69-BC2F-3BA9B8DD1C30}.Release|x64.ActiveCfg = Release|Any CPU
		{5B0E921C-549B-4C69-BC2F-3BA9B8DD1C30}.Release|x64.Build.0 = Release|Any CPU
		{5B0E921C-549B-4C69-BC2F-3BA9B8DD1C30}.Release|x86.ActiveCfg = Release|Any CPU
		{5B0E921C-549B-4C69-BC2F-3BA9B8DD1C30}.Release|x86.Build.0 = Release|Any CPU
		{A175761D-6B37-4746-B5B8-3868806D29FB}.Debug|Any CPU.ActiveCfg = Debug|Any CPU
		{A175761D-6B37-4746-B5B8-3868806D29FB}.Debug|Any CPU.Build.0 = Debug|Any CPU
		{A175761D-6B37-4746-B5B8-3868806D29FB}.Debug|x64.ActiveCfg = Debug|Any CPU
		{A175761D-6B37-4746-B5B8-3868806D29FB}.Debug|x64.Build.0 = Debug|Any CPU
		{A175761D-6B37-4746-B5B8-3868806D29FB}.Debug|x86.ActiveCfg = Debug|Any CPU
		{A175761D-6B37-4746-B5B8-3868806D29FB}.Debug|x86.Build.0 = Debug|Any CPU
		{A175761D-6B37-4746-B5B8-3868806D29FB}.Release|Any CPU.ActiveCfg = Release|Any CPU
		{A175761D-6B37-4746-B5B8-3868806D29FB}.Release|Any CPU.Build.0 = Release|Any CPU
		{A175761D-6B37-4746-B5B8-3868806D29FB}.Release|x64.ActiveCfg = Release|Any CPU
		{A175761D-6B37-4746-B5B8-3868806D29FB}.Release|x64.Build.0 = Release|Any CPU
		{A175761D-6B37-4746-B5B8-3868806D29FB}.Release|x86.ActiveCfg = Release|Any CPU
		{A175761D-6B37-4746-B5B8-3868806D29FB}.Release|x86.Build.0 = Release|Any CPU
		{D4229BE6-DD19-4958-BBD1-EAC7E1C98219}.Debug|Any CPU.ActiveCfg = Debug|Any CPU
		{D4229BE6-DD19-4958-BBD1-EAC7E1C98219}.Debug|Any CPU.Build.0 = Debug|Any CPU
		{D4229BE6-DD19-4958-BBD1-EAC7E1C98219}.Debug|x64.ActiveCfg = Debug|Any CPU
		{D4229BE6-DD19-4958-BBD1-EAC7E1C98219}.Debug|x64.Build.0 = Debug|Any CPU
		{D4229BE6-DD19-4958-BBD1-EAC7E1C98219}.Debug|x86.ActiveCfg = Debug|Any CPU
		{D4229BE6-DD19-4958-BBD1-EAC7E1C98219}.Debug|x86.Build.0 = Debug|Any CPU
		{D4229BE6-DD19-4958-BBD1-EAC7E1C98219}.Release|Any CPU.ActiveCfg = Release|Any CPU
		{D4229BE6-DD19-4958-BBD1-EAC7E1C98219}.Release|Any CPU.Build.0 = Release|Any CPU
		{D4229BE6-DD19-4958-BBD1-EAC7E1C98219}.Release|x64.ActiveCfg = Release|Any CPU
		{D4229BE6-DD19-4958-BBD1-EAC7E1C98219}.Release|x64.Build.0 = Release|Any CPU
		{D4229BE6-DD19-4958-BBD1-EAC7E1C98219}.Release|x86.ActiveCfg = Release|Any CPU
		{D4229BE6-DD19-4958-BBD1-EAC7E1C98219}.Release|x86.Build.0 = Release|Any CPU
		{B3076FBF-F0B7-44C0-822D-C698C6F12619}.Debug|Any CPU.ActiveCfg = Debug|Any CPU
		{B3076FBF-F0B7-44C0-822D-C698C6F12619}.Debug|Any CPU.Build.0 = Debug|Any CPU
		{B3076FBF-F0B7-44C0-822D-C698C6F12619}.Debug|x64.ActiveCfg = Debug|Any CPU
		{B3076FBF-F0B7-44C0-822D-C698C6F12619}.Debug|x64.Build.0 = Debug|Any CPU
		{B3076FBF-F0B7-44C0-822D-C698C6F12619}.Debug|x86.ActiveCfg = Debug|Any CPU
		{B3076FBF-F0B7-44C0-822D-C698C6F12619}.Debug|x86.Build.0 = Debug|Any CPU
		{B3076FBF-F0B7-44C0-822D-C698C6F12619}.Release|Any CPU.ActiveCfg = Release|Any CPU
		{B3076FBF-F0B7-44C0-822D-C698C6F12619}.Release|Any CPU.Build.0 = Release|Any CPU
		{B3076FBF-F0B7-44C0-822D-C698C6F12619}.Release|x64.ActiveCfg = Release|Any CPU
		{B3076FBF-F0B7-44C0-822D-C698C6F12619}.Release|x64.Build.0 = Release|Any CPU
		{B3076FBF-F0B7-44C0-822D-C698C6F12619}.Release|x86.ActiveCfg = Release|Any CPU
		{B3076FBF-F0B7-44C0-822D-C698C6F12619}.Release|x86.Build.0 = Release|Any CPU
		{4A9F1E50-ECBA-4B6A-BFFD-6C55C1D9791C}.Debug|Any CPU.ActiveCfg = Debug|Any CPU
		{4A9F1E50-ECBA-4B6A-BFFD-6C55C1D9791C}.Debug|Any CPU.Build.0 = Debug|Any CPU
		{4A9F1E50-ECBA-4B6A-BFFD-6C55C1D9791C}.Debug|x64.ActiveCfg = Debug|Any CPU
		{4A9F1E50-ECBA-4B6A-BFFD-6C55C1D9791C}.Debug|x64.Build.0 = Debug|Any CPU
		{4A9F1E50-ECBA-4B6A-BFFD-6C55C1D9791C}.Debug|x86.ActiveCfg = Debug|Any CPU
		{4A9F1E50-ECBA-4B6A-BFFD-6C55C1D9791C}.Debug|x86.Build.0 = Debug|Any CPU
		{4A9F1E50-ECBA-4B6A-BFFD-6C55C1D9791C}.Release|Any CPU.ActiveCfg = Release|Any CPU
		{4A9F1E50-ECBA-4B6A-BFFD-6C55C1D9791C}.Release|Any CPU.Build.0 = Release|Any CPU
		{4A9F1E50-ECBA-4B6A-BFFD-6C55C1D9791C}.Release|x64.ActiveCfg = Release|Any CPU
		{4A9F1E50-ECBA-4B6A-BFFD-6C55C1D9791C}.Release|x64.Build.0 = Release|Any CPU
		{4A9F1E50-ECBA-4B6A-BFFD-6C55C1D9791C}.Release|x86.ActiveCfg = Release|Any CPU
		{4A9F1E50-ECBA-4B6A-BFFD-6C55C1D9791C}.Release|x86.Build.0 = Release|Any CPU
		{53CF4CD7-2AC3-4068-8D21-4427DAAC06E5}.Debug|Any CPU.ActiveCfg = Debug|Any CPU
		{53CF4CD7-2AC3-4068-8D21-4427DAAC06E5}.Debug|Any CPU.Build.0 = Debug|Any CPU
		{53CF4CD7-2AC3-4068-8D21-4427DAAC06E5}.Debug|x64.ActiveCfg = Debug|Any CPU
		{53CF4CD7-2AC3-4068-8D21-4427DAAC06E5}.Debug|x64.Build.0 = Debug|Any CPU
		{53CF4CD7-2AC3-4068-8D21-4427DAAC06E5}.Debug|x86.ActiveCfg = Debug|Any CPU
		{53CF4CD7-2AC3-4068-8D21-4427DAAC06E5}.Debug|x86.Build.0 = Debug|Any CPU
		{53CF4CD7-2AC3-4068-8D21-4427DAAC06E5}.Release|Any CPU.ActiveCfg = Release|Any CPU
		{53CF4CD7-2AC3-4068-8D21-4427DAAC06E5}.Release|Any CPU.Build.0 = Release|Any CPU
		{53CF4CD7-2AC3-4068-8D21-4427DAAC06E5}.Release|x64.ActiveCfg = Release|Any CPU
		{53CF4CD7-2AC3-4068-8D21-4427DAAC06E5}.Release|x64.Build.0 = Release|Any CPU
		{53CF4CD7-2AC3-4068-8D21-4427DAAC06E5}.Release|x86.ActiveCfg = Release|Any CPU
		{53CF4CD7-2AC3-4068-8D21-4427DAAC06E5}.Release|x86.Build.0 = Release|Any CPU
		{1834933D-94FC-4C9D-87F5-6D14CB4C0E2C}.Debug|Any CPU.ActiveCfg = Debug|Any CPU
		{1834933D-94FC-4C9D-87F5-6D14CB4C0E2C}.Debug|Any CPU.Build.0 = Debug|Any CPU
		{1834933D-94FC-4C9D-87F5-6D14CB4C0E2C}.Debug|x64.ActiveCfg = Debug|Any CPU
		{1834933D-94FC-4C9D-87F5-6D14CB4C0E2C}.Debug|x64.Build.0 = Debug|Any CPU
		{1834933D-94FC-4C9D-87F5-6D14CB4C0E2C}.Debug|x86.ActiveCfg = Debug|Any CPU
		{1834933D-94FC-4C9D-87F5-6D14CB4C0E2C}.Debug|x86.Build.0 = Debug|Any CPU
		{1834933D-94FC-4C9D-87F5-6D14CB4C0E2C}.Release|Any CPU.ActiveCfg = Release|Any CPU
		{1834933D-94FC-4C9D-87F5-6D14CB4C0E2C}.Release|Any CPU.Build.0 = Release|Any CPU
		{1834933D-94FC-4C9D-87F5-6D14CB4C0E2C}.Release|x64.ActiveCfg = Release|Any CPU
		{1834933D-94FC-4C9D-87F5-6D14CB4C0E2C}.Release|x64.Build.0 = Release|Any CPU
		{1834933D-94FC-4C9D-87F5-6D14CB4C0E2C}.Release|x86.ActiveCfg = Release|Any CPU
		{1834933D-94FC-4C9D-87F5-6D14CB4C0E2C}.Release|x86.Build.0 = Release|Any CPU
EndGlobalSection
GlobalSection(SolutionProperties) = preSolution
	HideSolutionNode = FALSE
EndGlobalSection
GlobalSection(NestedProjects) = preSolution
		{44EB417A-692A-44BD-A2E5-9F08B6E3C7A8} = {827E0CD3-B72D-47B6-A68D-7590B98EB39B}
		{14F1F38D-3CC1-4964-9A6D-6C257053A63A} = {5D20AA90-6969-D8BD-9DCD-8634F4692FDA}
	{CDCC5561-C40A-4458-9E77-E570F5B1C972} = {5D20AA90-6969-D8BD-9DCD-8634F4692FDA}
	{D4229BE6-DD19-4958-BBD1-EAC7E1C98219} = {5D20AA90-6969-D8BD-9DCD-8634F4692FDA}
	{B3076FBF-F0B7-44C0-822D-C698C6F12619} = {5D20AA90-6969-D8BD-9DCD-8634F4692FDA}
	{C0BA282E-8AD9-4D16-9CE5-881B530E489F} = {827E0CD3-B72D-47B6-A68D-7590B98EB39B}
	{5B0E921C-549B-4C69-BC2F-3BA9B8DD1C30} = {827E0CD3-B72D-47B6-A68D-7590B98EB39B}
	{A175761D-6B37-4746-B5B8-3868806D29FB} = {827E0CD3-B72D-47B6-A68D-7590B98EB39B}
	{4A9F1E50-ECBA-4B6A-BFFD-6C55C1D9791C} = {827E0CD3-B72D-47B6-A68D-7590B98EB39B}
	{53CF4CD7-2AC3-4068-8D21-4427DAAC06E5} = {827E0CD3-B72D-47B6-A68D-7590B98EB39B}
	{1834933D-94FC-4C9D-87F5-6D14CB4C0E2C} = {8ACDD26B-6A66-488E-BC9C-72DBF87BB933}
EndGlobalSection
EndGlobal
